hash: 097c7e92e99d83731080ac757fd0be92e3511d24f5c000654b524654ccc913c1
updated: 2018-08-15T18:01:21.368252071+08:00
imports:
- name: github.com/golang/snappy
  version: 2e65f85255dbc3072edf28d6b5b8efc472979f5a
- name: github.com/klauspost/cpuid
  version: ae7887de9fa5d2db4eaa8174a7eff2c1ac00f2da
- name: github.com/klauspost/reedsolomon
  version: 6bb6130ff6a76a904c1841707d65603aec9cc288
- name: github.com/pkg/errors
  version: 645ef00459ed84a119197bfb8d8205042c6df63d
- name: github.com/templexxx/cpufeat
  version: cef66df7f161dee20f4d650da7268d77eaaec82d
- name: github.com/templexxx/xor
  version: 0af8e873c554da75f37f2049cdffda804533d44c
- name: github.com/tjfoc/gmsm
  version: 44c14242d82167dbfea0c094bb146f692780af5e
  subpackages:
  - sm4
- name: github.com/urfave/cli
  version: cfb38830724cc34fedffe9a2a29fb54fa9169cd1
- name: github.com/xtaci/kcp-go
  version: 86eebd5cadb519b7c9306082c7eb3bcee2c49a7b
- name: github.com/xtaci/smux
  version: e28719eede1ac5714cf0b06ba2f403125864ebe0
- name: golang.org/x/crypto
  version: a49355c7e3f8fe157a85be2f77e6e269a0f89602
  subpackages:
  - blowfish
  - cast5
  - internal/subtle
  - pbkdf2
  - salsa20
  - salsa20/salsa
  - tea
  - twofish
  - xtea
- name: golang.org/x/net
  version: c39426892332e1bb5ec0a434a079bf82f5d30c54
  subpackages:
  - bpf
  - internal/iana
  - internal/socket
  - ipv4
testImports: []
