hash: 02bb89c90332cde789ceae1edb7535c8bc965c8a48a025552897247dcb99065f
updated: 2018-11-24T01:05:03.870920698+08:00
imports:
- name: github.com/golang/snappy
  version: 2e65f85255dbc3072edf28d6b5b8efc472979f5a
- name: github.com/klauspost/cpuid
  version: e7e905edc00ea8827e58662220139109efea09db
- name: github.com/klauspost/reedsolomon
  version: 278ba25f43b885a3fd8da55cff33fc8c6a957960
- name: github.com/pkg/errors
  version: 645ef00459ed84a119197bfb8d8205042c6df63d
- name: github.com/templexxx/cpufeat
  version: cef66df7f161dee20f4d650da7268d77eaaec82d
- name: github.com/templexxx/xor
  version: 0af8e873c554da75f37f2049cdffda804533d44c
- name: github.com/tjfoc/gmsm
  version: 44c14242d82167dbfea0c094bb146f692780af5e
  subpackages:
  - sm4
- name: github.com/urfave/cli
  version: cfb38830724cc34fedffe9a2a29fb54fa9169cd1
- name: github.com/xtaci/kcp-go
  version: 02d11d20c5864d980168568741c0d52a50379512
- name: github.com/xtaci/smux
  version: 545ecee9d2a96ef4cf3c420c6b4095ac313fe870
- name: golang.org/x/crypto
  version: beef0f4390813b96e8e68fd78570396d0f4751fc
  subpackages:
  - blowfish
  - cast5
  - pbkdf2
  - salsa20
  - salsa20/salsa
  - tea
  - twofish
  - xtea
- name: golang.org/x/net
  version: 04a2e542c03f1d053ab3e4d6e5abcd4b66e2be8e
  subpackages:
  - bpf
  - internal/iana
  - internal/socket
  - ipv4
testImports: []
