hash: 199c2919620f7260fe1c42a2f6b1051405b3dbabdb1d235e6d61a5a5b2619066
updated: 2018-03-08T11:01:14.967570304+08:00
imports:
- name: github.com/golang/snappy
  version: 553a641470496b2327abcac10b36396bd98e45c9
- name: github.com/klauspost/cpuid
  version: ae832f27941af41db13bd6d8efd2493e3b22415a
- name: github.com/klauspost/reedsolomon
  version: 0b30fa71cc8e4e9010c9aba6d0320e2e5b163b29
- name: github.com/pkg/errors
  version: 645ef00459ed84a119197bfb8d8205042c6df63d
- name: github.com/templexxx/cpufeat
  version: 3794dfbfb04749f896b521032f69383f24c3687e
- name: github.com/templexxx/xor
  version: 0af8e873c554da75f37f2049cdffda804533d44c
- name: github.com/tjfoc/gmsm
  version: 98aa888b79d8de04afe0fccf45ed10594efc858b
  subpackages:
  - sm4
- name: github.com/urfave/cli
  version: cfb38830724cc34fedffe9a2a29fb54fa9169cd1
- name: github.com/xtaci/kcp-go
  version: 86eebd5cadb519b7c9306082c7eb3bcee2c49a7b
- name: github.com/xtaci/smux
  version: e28719eede1ac5714cf0b06ba2f403125864ebe0
- name: golang.org/x/crypto
  version: 85f98707c97e11569271e4d9b3d397e079c4f4d0
  subpackages:
  - blowfish
  - cast5
  - pbkdf2
  - salsa20
  - salsa20/salsa
  - tea
  - twofish
  - xtea
- name: golang.org/x/net
  version: 07e8617a6db2368fa55d4616f371ee1b1403c817
  subpackages:
  - bpf
  - internal/iana
  - internal/socket
  - ipv4
testImports: []
